
Microsoft Visual Studio Solution File, Format Version 12.00
# Visual Studio Version 16
VisualStudioVersion = 16.0.31205.134
MinimumVisualStudioVersion = 10.0.40219.1
Project("{FAE04EC0-301F-11D3-BF4B-00C04F79EFBC}") = "Triangle_star", "Triangle_star\Triangle_star.csproj", "{D941244D-52DB-48A0-B27B-CDB9B2812BDE}"
EndProject
Global
	GlobalSection(SolutionConfigurationPlatforms) = preSolution
		Debug|Any CPU = Debug|Any CPU
		Release|Any CPU = Release|Any CPU
	EndGlobalSection
	GlobalSection(ProjectConfigurationPlatforms) = postSolution
		{D941244D-52DB-48A0-B27B-CDB9B2812BDE}.Debug|Any CPU.ActiveCfg = Debug|Any CPU
		{D941244D-52DB-48A0-B27B-CDB9B2812BDE}.Debug|Any CPU.Build.0 = Debug|Any CPU
		{D941244D-52DB-48A0-B27B-CDB9B2812BDE}.Release|Any CPU.ActiveCfg = Release|Any CPU
		{D941244D-52DB-48A0-B27B-CDB9B2812BDE}.Release|Any CPU.Build.0 = Release|Any CPU
	EndGlobalSection
	GlobalSection(SolutionProperties) = preSolution
		HideSolutionNode = FALSE
	EndGlobalSection
	GlobalSection(ExtensibilityGlobals) = postSolution
		SolutionGuid = {C6E59657-B3E7-4AAA-8F86-E9F31EC7CCCD}
	EndGlobalSection
EndGlobal
